
Microsoft Visual Studio Solution File, Format Version 12.00
# Visual Studio Version 16
VisualStudioVersion = 16.0.32106.194
MinimumVisualStudioVersion = 10.0.40219.1
Project("{8BC9CEB8-8B4A-11D0-8D11-00A0C91BC942}") = "Application", "Application.vcxproj", "{F0A1ABD1-2EDA-47C0-AA3E-16940F5D655D}"
EndProject
Project("{8BC9CEB8-8B4A-11D0-8D11-00A0C91BC942}") = "CP-Builder", "..\CP-Builder\CP-Builder.vcxproj", "{2C3A3D61-C72E-473F-910B-9594A980D479}"
EndProject
Project("{8BC9CEB8-8B4A-11D0-8D11-00A0C91BC942}") = "CP-Singleton", "..\CP-Singleton\CP-Singleton.vcxproj", "{1266B397-095F-459C-8CAA-9F05573F8BD3}"
EndProject
Project("{8BC9CEB8-8B4A-11D0-8D11-00A0C91BC942}") = "CP-FactoryMethod", "..\CP-FactoryMethod\CP-FactoryMethod.vcxproj", "{D153FF09-783F-447F-8A27-70F0E12D3055}"
EndProject
Project("{8BC9CEB8-8B4A-11D0-8D11-00A0C91BC942}") = "CP-Prototype", "..\CP-Prototype\CP-Prototype.vcxproj", "{DA87F3D2-082A-44C0-A902-E76D7AE62F19}"
EndProject
Global
	GlobalSection(SolutionConfigurationPlatforms) = preSolution
		Debug|x64 = Debug|x64
		Debug|x86 = Debug|x86
		Release|x64 = Release|x64
		Release|x86 = Release|x86
	EndGlobalSection
	GlobalSection(ProjectConfigurationPlatforms) = postSolution
		{F0A1ABD1-2EDA-47C0-AA3E-16940F5D655D}.Debug|x64.ActiveCfg = Debug|x64
		{F0A1ABD1-2EDA-47C0-AA3E-16940F5D655D}.Debug|x64.Build.0 = Debug|x64
		{F0A1ABD1-2EDA-47C0-AA3E-16940F5D655D}.Debug|x86.ActiveCfg = Debug|Win32
		{F0A1ABD1-2EDA-47C0-AA3E-16940F5D655D}.Debug|x86.Build.0 = Debug|Win32
		{F0A1ABD1-2EDA-47C0-AA3E-16940F5D655D}.Release|x64.ActiveCfg = Release|x64
		{F0A1ABD1-2EDA-47C0-AA3E-16940F5D655D}.Release|x64.Build.0 = Release|x64
		{F0A1ABD1-2EDA-47C0-AA3E-16940F5D655D}.Release|x86.ActiveCfg = Release|Win32
		{F0A1ABD1-2EDA-47C0-AA3E-16940F5D655D}.Release|x86.Build.0 = Release|Win32
		{2C3A3D61-C72E-473F-910B-9594A980D479}.Debug|x64.ActiveCfg = Debug|x64
		{2C3A3D61-C72E-473F-910B-9594A980D479}.Debug|x64.Build.0 = Debug|x64
		{2C3A3D61-C72E-473F-910B-9594A980D479}.Debug|x86.ActiveCfg = Debug|Win32
		{2C3A3D61-C72E-473F-910B-9594A980D479}.Debug|x86.Build.0 = Debug|Win32
		{2C3A3D61-C72E-473F-910B-9594A980D479}.Release|x64.ActiveCfg = Release|x64
		{2C3A3D61-C72E-473F-910B-9594A980D479}.Release|x64.Build.0 = Release|x64
		{2C3A3D61-C72E-473F-910B-9594A980D479}.Release|x86.ActiveCfg = Release|Win32
		{2C3A3D61-C72E-473F-910B-9594A980D479}.Release|x86.Build.0 = Release|Win32
		{1266B397-095F-459C-8CAA-9F05573F8BD3}.Debug|x64.ActiveCfg = Debug|x64
		{1266B397-095F-459C-8CAA-9F05573F8BD3}.Debug|x64.Build.0 = Debug|x64
		{1266B397-095F-459C-8CAA-9F05573F8BD3}.Debug|x86.ActiveCfg = Debug|Win32
		{1266B397-095F-459C-8CAA-9F05573F8BD3}.Debug|x86.Build.0 = Debug|Win32
		{1266B397-095F-459C-8CAA-9F05573F8BD3}.Release|x64.ActiveCfg = Release|x64
		{1266B397-095F-459C-8CAA-9F05573F8BD3}.Release|x64.Build.0 = Release|x64
		{1266B397-095F-459C-8CAA-9F05573F8BD3}.Release|x86.ActiveCfg = Release|Win32
		{1266B397-095F-459C-8CAA-9F05573F8BD3}.Release|x86.Build.0 = Release|Win32
		{D153FF09-783F-447F-8A27-70F0E12D3055}.Debug|x64.ActiveCfg = Debug|x64
		{D153FF09-783F-447F-8A27-70F0E12D3055}.Debug|x64.Build.0 = Debug|x64
		{D153FF09-783F-447F-8A27-70F0E12D3055}.Debug|x86.ActiveCfg = Debug|Win32
		{D153FF09-783F-447F-8A27-70F0E12D3055}.Debug|x86.Build.0 = Debug|Win32
		{D153FF09-783F-447F-8A27-70F0E12D3055}.Release|x64.ActiveCfg = Release|x64
		{D153FF09-783F-447F-8A27-70F0E12D3055}.Release|x64.Build.0 = Release|x64
		{D153FF09-783F-447F-8A27-70F0E12D3055}.Release|x86.ActiveCfg = Release|Win32
		{D153FF09-783F-447F-8A27-70F0E12D3055}.Release|x86.Build.0 = Release|Win32
		{DA87F3D2-082A-44C0-A902-E76D7AE62F19}.Debug|x64.ActiveCfg = Debug|x64
		{DA87F3D2-082A-44C0-A902-E76D7AE62F19}.Debug|x64.Build.0 = Debug|x64
		{DA87F3D2-082A-44C0-A902-E76D7AE62F19}.Debug|x86.ActiveCfg = Debug|Win32
		{DA87F3D2-082A-44C0-A902-E76D7AE62F19}.Debug|x86.Build.0 = Debug|Win32
		{DA87F3D2-082A-44C0-A902-E76D7AE62F19}.Release|x64.ActiveCfg = Release|x64
		{DA87F3D2-082A-44C0-A902-E76D7AE62F19}.Release|x64.Build.0 = Release|x64
		{DA87F3D2-082A-44C0-A902-E76D7AE62F19}.Release|x86.ActiveCfg = Release|Win32
		{DA87F3D2-082A-44C0-A902-E76D7AE62F19}.Release|x86.Build.0 = Release|Win32
	EndGlobalSection
	GlobalSection(SolutionProperties) = preSolution
		HideSolutionNode = FALSE
	EndGlobalSection
	GlobalSection(ExtensibilityGlobals) = postSolution
		SolutionGuid = {ECFE34E3-CCD6-4B25-A6C6-16B7AEAACF89}
	EndGlobalSection
EndGlobal
