
Microsoft Visual Studio Solution File, Format Version 12.00
# Visual Studio Version 16
VisualStudioVersion = 16.0.32126.315
MinimumVisualStudioVersion = 10.0.40219.1
Project("{8BC9CEB8-8B4A-11D0-8D11-00A0C91BC942}") = "DesignPatterns", "DesignPatterns.vcxproj", "{532754A1-2940-40A8-96FA-E15DF3587D23}"
EndProject
Project("{8BC9CEB8-8B4A-11D0-8D11-00A0C91BC942}") = "CP-FactoryMethod", "..\CP-FactoryMethod\CP-FactoryMethod.vcxproj", "{EF6BD8DF-EF93-4C01-A226-01ED0DCF79EB}"
EndProject
Project("{8BC9CEB8-8B4A-11D0-8D11-00A0C91BC942}") = "CP-FactoryMethod (Parameterized)", "..\CP-FactoryMethod (Parameterized)\CP-FactoryMethod (Parameterized).vcxproj", "{1C838672-2F91-4CDC-9D0C-9CFB74E18BC5}"
EndProject
Project("{8BC9CEB8-8B4A-11D0-8D11-00A0C91BC942}") = "CP-AbstractFactory (Basic)", "..\CP-AbstractFactory (Basic)\CP-AbstractFactory (Basic).vcxproj", "{01FAED5D-38B2-46F7-A051-09130863740E}"
EndProject
Project("{8BC9CEB8-8B4A-11D0-8D11-00A0C91BC942}") = "CP-AbstractFactory (Database)", "..\CP-AbstractFactory (Database)\CP-AbstractFactory (Database).vcxproj", "{424B7A22-C5A4-41DD-AA1F-EBA0A09754F6}"
EndProject
Project("{8BC9CEB8-8B4A-11D0-8D11-00A0C91BC942}") = "CP-Builder (Basic)", "..\CP-Builder (Basic)\CP-Builder (Basic).vcxproj", "{1F5D30F1-2BD1-4BE4-8D93-FAA1B8D1AC1E}"
EndProject
Project("{8BC9CEB8-8B4A-11D0-8D11-00A0C91BC942}") = "CP-Builder (Person)", "..\CP-Builder (Person)\CP-Builder (Person).vcxproj", "{D2B22905-C364-44F5-8C80-AD3CF01BA025}"
EndProject
Project("{8BC9CEB8-8B4A-11D0-8D11-00A0C91BC942}") = "CP-Builder (File)", "..\CP-Builder (File)\CP-Builder (File).vcxproj", "{064C4274-0A75-47A7-A7DB-372647AFC5EB}"
EndProject
Global
	GlobalSection(SolutionConfigurationPlatforms) = preSolution
		Debug|x64 = Debug|x64
		Debug|x86 = Debug|x86
		Release|x64 = Release|x64
		Release|x86 = Release|x86
	EndGlobalSection
	GlobalSection(ProjectConfigurationPlatforms) = postSolution
		{532754A1-2940-40A8-96FA-E15DF3587D23}.Debug|x64.ActiveCfg = Debug|x64
		{532754A1-2940-40A8-96FA-E15DF3587D23}.Debug|x64.Build.0 = Debug|x64
		{532754A1-2940-40A8-96FA-E15DF3587D23}.Debug|x86.ActiveCfg = Debug|Win32
		{532754A1-2940-40A8-96FA-E15DF3587D23}.Debug|x86.Build.0 = Debug|Win32
		{532754A1-2940-40A8-96FA-E15DF3587D23}.Release|x64.ActiveCfg = Release|x64
		{532754A1-2940-40A8-96FA-E15DF3587D23}.Release|x64.Build.0 = Release|x64
		{532754A1-2940-40A8-96FA-E15DF3587D23}.Release|x86.ActiveCfg = Release|Win32
		{532754A1-2940-40A8-96FA-E15DF3587D23}.Release|x86.Build.0 = Release|Win32
		{EF6BD8DF-EF93-4C01-A226-01ED0DCF79EB}.Debug|x64.ActiveCfg = Debug|x64
		{EF6BD8DF-EF93-4C01-A226-01ED0DCF79EB}.Debug|x64.Build.0 = Debug|x64
		{EF6BD8DF-EF93-4C01-A226-01ED0DCF79EB}.Debug|x86.ActiveCfg = Debug|Win32
		{EF6BD8DF-EF93-4C01-A226-01ED0DCF79EB}.Debug|x86.Build.0 = Debug|Win32
		{EF6BD8DF-EF93-4C01-A226-01ED0DCF79EB}.Release|x64.ActiveCfg = Release|x64
		{EF6BD8DF-EF93-4C01-A226-01ED0DCF79EB}.Release|x64.Build.0 = Release|x64
		{EF6BD8DF-EF93-4C01-A226-01ED0DCF79EB}.Release|x86.ActiveCfg = Release|Win32
		{EF6BD8DF-EF93-4C01-A226-01ED0DCF79EB}.Release|x86.Build.0 = Release|Win32
		{1C838672-2F91-4CDC-9D0C-9CFB74E18BC5}.Debug|x64.ActiveCfg = Debug|x64
		{1C838672-2F91-4CDC-9D0C-9CFB74E18BC5}.Debug|x64.Build.0 = Debug|x64
		{1C838672-2F91-4CDC-9D0C-9CFB74E18BC5}.Debug|x86.ActiveCfg = Debug|Win32
		{1C838672-2F91-4CDC-9D0C-9CFB74E18BC5}.Debug|x86.Build.0 = Debug|Win32
		{1C838672-2F91-4CDC-9D0C-9CFB74E18BC5}.Release|x64.ActiveCfg = Release|x64
		{1C838672-2F91-4CDC-9D0C-9CFB74E18BC5}.Release|x64.Build.0 = Release|x64
		{1C838672-2F91-4CDC-9D0C-9CFB74E18BC5}.Release|x86.ActiveCfg = Release|Win32
		{1C838672-2F91-4CDC-9D0C-9CFB74E18BC5}.Release|x86.Build.0 = Release|Win32
		{01FAED5D-38B2-46F7-A051-09130863740E}.Debug|x64.ActiveCfg = Debug|x64
		{01FAED5D-38B2-46F7-A051-09130863740E}.Debug|x64.Build.0 = Debug|x64
		{01FAED5D-38B2-46F7-A051-09130863740E}.Debug|x86.ActiveCfg = Debug|Win32
		{01FAED5D-38B2-46F7-A051-09130863740E}.Debug|x86.Build.0 = Debug|Win32
		{01FAED5D-38B2-46F7-A051-09130863740E}.Release|x64.ActiveCfg = Release|x64
		{01FAED5D-38B2-46F7-A051-09130863740E}.Release|x64.Build.0 = Release|x64
		{01FAED5D-38B2-46F7-A051-09130863740E}.Release|x86.ActiveCfg = Release|Win32
		{01FAED5D-38B2-46F7-A051-09130863740E}.Release|x86.Build.0 = Release|Win32
		{424B7A22-C5A4-41DD-AA1F-EBA0A09754F6}.Debug|x64.ActiveCfg = Debug|x64
		{424B7A22-C5A4-41DD-AA1F-EBA0A09754F6}.Debug|x64.Build.0 = Debug|x64
		{424B7A22-C5A4-41DD-AA1F-EBA0A09754F6}.Debug|x86.ActiveCfg = Debug|Win32
		{424B7A22-C5A4-41DD-AA1F-EBA0A09754F6}.Debug|x86.Build.0 = Debug|Win32
		{424B7A22-C5A4-41DD-AA1F-EBA0A09754F6}.Release|x64.ActiveCfg = Release|x64
		{424B7A22-C5A4-41DD-AA1F-EBA0A09754F6}.Release|x64.Build.0 = Release|x64
		{424B7A22-C5A4-41DD-AA1F-EBA0A09754F6}.Release|x86.ActiveCfg = Release|Win32
		{424B7A22-C5A4-41DD-AA1F-EBA0A09754F6}.Release|x86.Build.0 = Release|Win32
		{1F5D30F1-2BD1-4BE4-8D93-FAA1B8D1AC1E}.Debug|x64.ActiveCfg = Debug|x64
		{1F5D30F1-2BD1-4BE4-8D93-FAA1B8D1AC1E}.Debug|x64.Build.0 = Debug|x64
		{1F5D30F1-2BD1-4BE4-8D93-FAA1B8D1AC1E}.Debug|x86.ActiveCfg = Debug|Win32
		{1F5D30F1-2BD1-4BE4-8D93-FAA1B8D1AC1E}.Debug|x86.Build.0 = Debug|Win32
		{1F5D30F1-2BD1-4BE4-8D93-FAA1B8D1AC1E}.Release|x64.ActiveCfg = Release|x64
		{1F5D30F1-2BD1-4BE4-8D93-FAA1B8D1AC1E}.Release|x64.Build.0 = Release|x64
		{1F5D30F1-2BD1-4BE4-8D93-FAA1B8D1AC1E}.Release|x86.ActiveCfg = Release|Win32
		{1F5D30F1-2BD1-4BE4-8D93-FAA1B8D1AC1E}.Release|x86.Build.0 = Release|Win32
		{D2B22905-C364-44F5-8C80-AD3CF01BA025}.Debug|x64.ActiveCfg = Debug|x64
		{D2B22905-C364-44F5-8C80-AD3CF01BA025}.Debug|x64.Build.0 = Debug|x64
		{D2B22905-C364-44F5-8C80-AD3CF01BA025}.Debug|x86.ActiveCfg = Debug|Win32
		{D2B22905-C364-44F5-8C80-AD3CF01BA025}.Debug|x86.Build.0 = Debug|Win32
		{D2B22905-C364-44F5-8C80-AD3CF01BA025}.Release|x64.ActiveCfg = Release|x64
		{D2B22905-C364-44F5-8C80-AD3CF01BA025}.Release|x64.Build.0 = Release|x64
		{D2B22905-C364-44F5-8C80-AD3CF01BA025}.Release|x86.ActiveCfg = Release|Win32
		{D2B22905-C364-44F5-8C80-AD3CF01BA025}.Release|x86.Build.0 = Release|Win32
		{064C4274-0A75-47A7-A7DB-372647AFC5EB}.Debug|x64.ActiveCfg = Debug|x64
		{064C4274-0A75-47A7-A7DB-372647AFC5EB}.Debug|x64.Build.0 = Debug|x64
		{064C4274-0A75-47A7-A7DB-372647AFC5EB}.Debug|x86.ActiveCfg = Debug|Win32
		{064C4274-0A75-47A7-A7DB-372647AFC5EB}.Debug|x86.Build.0 = Debug|Win32
		{064C4274-0A75-47A7-A7DB-372647AFC5EB}.Release|x64.ActiveCfg = Release|x64
		{064C4274-0A75-47A7-A7DB-372647AFC5EB}.Release|x64.Build.0 = Release|x64
		{064C4274-0A75-47A7-A7DB-372647AFC5EB}.Release|x86.ActiveCfg = Release|Win32
		{064C4274-0A75-47A7-A7DB-372647AFC5EB}.Release|x86.Build.0 = Release|Win32
	EndGlobalSection
	GlobalSection(SolutionProperties) = preSolution
		HideSolutionNode = FALSE
	EndGlobalSection
	GlobalSection(ExtensibilityGlobals) = postSolution
		SolutionGuid = {A0F5263A-5032-4CF8-8109-0D4A44D115D9}
	EndGlobalSection
EndGlobal
