
Microsoft Visual Studio Solution File, Format Version 12.00
# Visual Studio Version 17
VisualStudioVersion = 17.2.32526.322
MinimumVisualStudioVersion = 10.0.40219.1
Project("{8BC9CEB8-8B4A-11D0-8D11-00A0C91BC942}") = "DesignPatterns", "DesignPatterns.vcxproj", "{532754A1-2940-40A8-96FA-E15DF3587D23}"
EndProject
Project("{8BC9CEB8-8B4A-11D0-8D11-00A0C91BC942}") = "CP-FactoryMethod", "..\CP-FactoryMethod\CP-FactoryMethod.vcxproj", "{EF6BD8DF-EF93-4C01-A226-01ED0DCF79EB}"
EndProject
Project("{8BC9CEB8-8B4A-11D0-8D11-00A0C91BC942}") = "CP-FactoryMethod (Parameterized)", "..\CP-FactoryMethod (Parameterized)\CP-FactoryMethod (Parameterized).vcxproj", "{1C838672-2F91-4CDC-9D0C-9CFB74E18BC5}"
EndProject
Project("{8BC9CEB8-8B4A-11D0-8D11-00A0C91BC942}") = "CP-AbstractFactory (Basic)", "..\CP-AbstractFactory (Basic)\CP-AbstractFactory (Basic).vcxproj", "{01FAED5D-38B2-46F7-A051-09130863740E}"
EndProject
Project("{8BC9CEB8-8B4A-11D0-8D11-00A0C91BC942}") = "CP-AbstractFactory (Database)", "..\CP-AbstractFactory (Database)\CP-AbstractFactory (Database).vcxproj", "{424B7A22-C5A4-41DD-AA1F-EBA0A09754F6}"
EndProject
Project("{8BC9CEB8-8B4A-11D0-8D11-00A0C91BC942}") = "CP-Builder (Basic)", "..\CP-Builder (Basic)\CP-Builder (Basic).vcxproj", "{1F5D30F1-2BD1-4BE4-8D93-FAA1B8D1AC1E}"
EndProject
Project("{8BC9CEB8-8B4A-11D0-8D11-00A0C91BC942}") = "CP-Builder (Person)", "..\CP-Builder (Person)\CP-Builder (Person).vcxproj", "{D2B22905-C364-44F5-8C80-AD3CF01BA025}"
EndProject
Project("{8BC9CEB8-8B4A-11D0-8D11-00A0C91BC942}") = "CP-Builder (File)", "..\CP-Builder (File)\CP-Builder (File).vcxproj", "{064C4274-0A75-47A7-A7DB-372647AFC5EB}"
EndProject
Project("{8BC9CEB8-8B4A-11D0-8D11-00A0C91BC942}") = "CP-Singleton (Logger)", "..\CP-Singleton (Logger)\CP-Singleton (Logger).vcxproj", "{DB766EE5-0E02-4118-A22C-9596E954DDD5}"
EndProject
Project("{8BC9CEB8-8B4A-11D0-8D11-00A0C91BC942}") = "CP-Singleton (Registry)", "..\CP-Singleton (Registry)\CP-Singleton (Registry).vcxproj", "{3DAE53B6-4F82-4DAF-B246-88344D7150BB}"
EndProject
Project("{8BC9CEB8-8B4A-11D0-8D11-00A0C91BC942}") = "CP-Singleton (Registry Lazy Intance)", "..\CP-Singleton (Registry Lazy Intance)\CP-Singleton (Registry Lazy Intance).vcxproj", "{EE440A1F-49E4-4C3D-9EEB-627F1F103819}"
EndProject
Project("{8BC9CEB8-8B4A-11D0-8D11-00A0C91BC942}") = "BP-01-Strategy (Basic)", "..\BP-Strategy (Basic)\BP-Strategy (Basic).vcxproj", "{3F787547-CFAC-481A-90C4-7260E43E3C0D}"
EndProject
Project("{8BC9CEB8-8B4A-11D0-8D11-00A0C91BC942}") = "BP-01-Strategy (SpreadSheet)", "..\BP-Strategy (SpreadSheet)\BP-Strategy (SpreadSheet).vcxproj", "{5C9DE02B-D124-4B8D-99A5-D10DF2B9EE5D}"
EndProject
Project("{8BC9CEB8-8B4A-11D0-8D11-00A0C91BC942}") = "BP-02-Template Method (Doc Framework)", "..\BP-Template Method (Doc Framework)\BP-Template Method (Doc Framework).vcxproj", "{BF6AFCE1-2063-44D0-834C-56B30260A24C}"
EndProject
Project("{8BC9CEB8-8B4A-11D0-8D11-00A0C91BC942}") = "CP-Prototype (Basic)", "..\CP-Prototype (Basic)\CP-Prototype (Basic).vcxproj", "{BBA258B8-9B6B-4807-8AB2-619CE72E8506}"
EndProject
Project("{8BC9CEB8-8B4A-11D0-8D11-00A0C91BC942}") = "CP-Prototype (Game)", "..\CP-Prototype (Game)\CP-Prototype (Game).vcxproj", "{11DC3E06-341F-40D1-8273-8F9BB257E939}"
EndProject
Project("{8BC9CEB8-8B4A-11D0-8D11-00A0C91BC942}") = "BP-03-Command (Basic)", "..\BP-03-Command (Basic)\BP-03-Command (Basic).vcxproj", "{8A6A1FF1-3038-48D7-9EE2-CF4463960F9B}"
EndProject
Project("{8BC9CEB8-8B4A-11D0-8D11-00A0C91BC942}") = "BP-04-Momento (Basic)", "..\BP-04-Momento (Basic)\BP-04-Momento (Basic).vcxproj", "{6A60A54F-53CF-486D-A54B-B82E0A32E5A3}"
EndProject
Global
	GlobalSection(SolutionConfigurationPlatforms) = preSolution
		Debug|x64 = Debug|x64
		Debug|x86 = Debug|x86
		Release|x64 = Release|x64
		Release|x86 = Release|x86
	EndGlobalSection
	GlobalSection(ProjectConfigurationPlatforms) = postSolution
		{532754A1-2940-40A8-96FA-E15DF3587D23}.Debug|x64.ActiveCfg = Debug|x64
		{532754A1-2940-40A8-96FA-E15DF3587D23}.Debug|x64.Build.0 = Debug|x64
		{532754A1-2940-40A8-96FA-E15DF3587D23}.Debug|x86.ActiveCfg = Debug|Win32
		{532754A1-2940-40A8-96FA-E15DF3587D23}.Debug|x86.Build.0 = Debug|Win32
		{532754A1-2940-40A8-96FA-E15DF3587D23}.Release|x64.ActiveCfg = Release|x64
		{532754A1-2940-40A8-96FA-E15DF3587D23}.Release|x64.Build.0 = Release|x64
		{532754A1-2940-40A8-96FA-E15DF3587D23}.Release|x86.ActiveCfg = Release|Win32
		{532754A1-2940-40A8-96FA-E15DF3587D23}.Release|x86.Build.0 = Release|Win32
		{EF6BD8DF-EF93-4C01-A226-01ED0DCF79EB}.Debug|x64.ActiveCfg = Debug|x64
		{EF6BD8DF-EF93-4C01-A226-01ED0DCF79EB}.Debug|x64.Build.0 = Debug|x64
		{EF6BD8DF-EF93-4C01-A226-01ED0DCF79EB}.Debug|x86.ActiveCfg = Debug|Win32
		{EF6BD8DF-EF93-4C01-A226-01ED0DCF79EB}.Debug|x86.Build.0 = Debug|Win32
		{EF6BD8DF-EF93-4C01-A226-01ED0DCF79EB}.Release|x64.ActiveCfg = Release|x64
		{EF6BD8DF-EF93-4C01-A226-01ED0DCF79EB}.Release|x64.Build.0 = Release|x64
		{EF6BD8DF-EF93-4C01-A226-01ED0DCF79EB}.Release|x86.ActiveCfg = Release|Win32
		{EF6BD8DF-EF93-4C01-A226-01ED0DCF79EB}.Release|x86.Build.0 = Release|Win32
		{1C838672-2F91-4CDC-9D0C-9CFB74E18BC5}.Debug|x64.ActiveCfg = Debug|x64
		{1C838672-2F91-4CDC-9D0C-9CFB74E18BC5}.Debug|x64.Build.0 = Debug|x64
		{1C838672-2F91-4CDC-9D0C-9CFB74E18BC5}.Debug|x86.ActiveCfg = Debug|Win32
		{1C838672-2F91-4CDC-9D0C-9CFB74E18BC5}.Debug|x86.Build.0 = Debug|Win32
		{1C838672-2F91-4CDC-9D0C-9CFB74E18BC5}.Release|x64.ActiveCfg = Release|x64
		{1C838672-2F91-4CDC-9D0C-9CFB74E18BC5}.Release|x64.Build.0 = Release|x64
		{1C838672-2F91-4CDC-9D0C-9CFB74E18BC5}.Release|x86.ActiveCfg = Release|Win32
		{1C838672-2F91-4CDC-9D0C-9CFB74E18BC5}.Release|x86.Build.0 = Release|Win32
		{01FAED5D-38B2-46F7-A051-09130863740E}.Debug|x64.ActiveCfg = Debug|x64
		{01FAED5D-38B2-46F7-A051-09130863740E}.Debug|x64.Build.0 = Debug|x64
		{01FAED5D-38B2-46F7-A051-09130863740E}.Debug|x86.ActiveCfg = Debug|Win32
		{01FAED5D-38B2-46F7-A051-09130863740E}.Debug|x86.Build.0 = Debug|Win32
		{01FAED5D-38B2-46F7-A051-09130863740E}.Release|x64.ActiveCfg = Release|x64
		{01FAED5D-38B2-46F7-A051-09130863740E}.Release|x64.Build.0 = Release|x64
		{01FAED5D-38B2-46F7-A051-09130863740E}.Release|x86.ActiveCfg = Release|Win32
		{01FAED5D-38B2-46F7-A051-09130863740E}.Release|x86.Build.0 = Release|Win32
		{424B7A22-C5A4-41DD-AA1F-EBA0A09754F6}.Debug|x64.ActiveCfg = Debug|x64
		{424B7A22-C5A4-41DD-AA1F-EBA0A09754F6}.Debug|x64.Build.0 = Debug|x64
		{424B7A22-C5A4-41DD-AA1F-EBA0A09754F6}.Debug|x86.ActiveCfg = Debug|Win32
		{424B7A22-C5A4-41DD-AA1F-EBA0A09754F6}.Debug|x86.Build.0 = Debug|Win32
		{424B7A22-C5A4-41DD-AA1F-EBA0A09754F6}.Release|x64.ActiveCfg = Release|x64
		{424B7A22-C5A4-41DD-AA1F-EBA0A09754F6}.Release|x64.Build.0 = Release|x64
		{424B7A22-C5A4-41DD-AA1F-EBA0A09754F6}.Release|x86.ActiveCfg = Release|Win32
		{424B7A22-C5A4-41DD-AA1F-EBA0A09754F6}.Release|x86.Build.0 = Release|Win32
		{1F5D30F1-2BD1-4BE4-8D93-FAA1B8D1AC1E}.Debug|x64.ActiveCfg = Debug|x64
		{1F5D30F1-2BD1-4BE4-8D93-FAA1B8D1AC1E}.Debug|x64.Build.0 = Debug|x64
		{1F5D30F1-2BD1-4BE4-8D93-FAA1B8D1AC1E}.Debug|x86.ActiveCfg = Debug|Win32
		{1F5D30F1-2BD1-4BE4-8D93-FAA1B8D1AC1E}.Debug|x86.Build.0 = Debug|Win32
		{1F5D30F1-2BD1-4BE4-8D93-FAA1B8D1AC1E}.Release|x64.ActiveCfg = Release|x64
		{1F5D30F1-2BD1-4BE4-8D93-FAA1B8D1AC1E}.Release|x64.Build.0 = Release|x64
		{1F5D30F1-2BD1-4BE4-8D93-FAA1B8D1AC1E}.Release|x86.ActiveCfg = Release|Win32
		{1F5D30F1-2BD1-4BE4-8D93-FAA1B8D1AC1E}.Release|x86.Build.0 = Release|Win32
		{D2B22905-C364-44F5-8C80-AD3CF01BA025}.Debug|x64.ActiveCfg = Debug|x64
		{D2B22905-C364-44F5-8C80-AD3CF01BA025}.Debug|x64.Build.0 = Debug|x64
		{D2B22905-C364-44F5-8C80-AD3CF01BA025}.Debug|x86.ActiveCfg = Debug|Win32
		{D2B22905-C364-44F5-8C80-AD3CF01BA025}.Debug|x86.Build.0 = Debug|Win32
		{D2B22905-C364-44F5-8C80-AD3CF01BA025}.Release|x64.ActiveCfg = Release|x64
		{D2B22905-C364-44F5-8C80-AD3CF01BA025}.Release|x64.Build.0 = Release|x64
		{D2B22905-C364-44F5-8C80-AD3CF01BA025}.Release|x86.ActiveCfg = Release|Win32
		{D2B22905-C364-44F5-8C80-AD3CF01BA025}.Release|x86.Build.0 = Release|Win32
		{064C4274-0A75-47A7-A7DB-372647AFC5EB}.Debug|x64.ActiveCfg = Debug|x64
		{064C4274-0A75-47A7-A7DB-372647AFC5EB}.Debug|x64.Build.0 = Debug|x64
		{064C4274-0A75-47A7-A7DB-372647AFC5EB}.Debug|x86.ActiveCfg = Debug|Win32
		{064C4274-0A75-47A7-A7DB-372647AFC5EB}.Debug|x86.Build.0 = Debug|Win32
		{064C4274-0A75-47A7-A7DB-372647AFC5EB}.Release|x64.ActiveCfg = Release|x64
		{064C4274-0A75-47A7-A7DB-372647AFC5EB}.Release|x64.Build.0 = Release|x64
		{064C4274-0A75-47A7-A7DB-372647AFC5EB}.Release|x86.ActiveCfg = Release|Win32
		{064C4274-0A75-47A7-A7DB-372647AFC5EB}.Release|x86.Build.0 = Release|Win32
		{DB766EE5-0E02-4118-A22C-9596E954DDD5}.Debug|x64.ActiveCfg = Debug|x64
		{DB766EE5-0E02-4118-A22C-9596E954DDD5}.Debug|x64.Build.0 = Debug|x64
		{DB766EE5-0E02-4118-A22C-9596E954DDD5}.Debug|x86.ActiveCfg = Debug|Win32
		{DB766EE5-0E02-4118-A22C-9596E954DDD5}.Debug|x86.Build.0 = Debug|Win32
		{DB766EE5-0E02-4118-A22C-9596E954DDD5}.Release|x64.ActiveCfg = Release|x64
		{DB766EE5-0E02-4118-A22C-9596E954DDD5}.Release|x64.Build.0 = Release|x64
		{DB766EE5-0E02-4118-A22C-9596E954DDD5}.Release|x86.ActiveCfg = Release|Win32
		{DB766EE5-0E02-4118-A22C-9596E954DDD5}.Release|x86.Build.0 = Release|Win32
		{3DAE53B6-4F82-4DAF-B246-88344D7150BB}.Debug|x64.ActiveCfg = Debug|x64
		{3DAE53B6-4F82-4DAF-B246-88344D7150BB}.Debug|x64.Build.0 = Debug|x64
		{3DAE53B6-4F82-4DAF-B246-88344D7150BB}.Debug|x86.ActiveCfg = Debug|Win32
		{3DAE53B6-4F82-4DAF-B246-88344D7150BB}.Debug|x86.Build.0 = Debug|Win32
		{3DAE53B6-4F82-4DAF-B246-88344D7150BB}.Release|x64.ActiveCfg = Release|x64
		{3DAE53B6-4F82-4DAF-B246-88344D7150BB}.Release|x64.Build.0 = Release|x64
		{3DAE53B6-4F82-4DAF-B246-88344D7150BB}.Release|x86.ActiveCfg = Release|Win32
		{3DAE53B6-4F82-4DAF-B246-88344D7150BB}.Release|x86.Build.0 = Release|Win32
		{EE440A1F-49E4-4C3D-9EEB-627F1F103819}.Debug|x64.ActiveCfg = Debug|x64
		{EE440A1F-49E4-4C3D-9EEB-627F1F103819}.Debug|x64.Build.0 = Debug|x64
		{EE440A1F-49E4-4C3D-9EEB-627F1F103819}.Debug|x86.ActiveCfg = Debug|Win32
		{EE440A1F-49E4-4C3D-9EEB-627F1F103819}.Debug|x86.Build.0 = Debug|Win32
		{EE440A1F-49E4-4C3D-9EEB-627F1F103819}.Release|x64.ActiveCfg = Release|x64
		{EE440A1F-49E4-4C3D-9EEB-627F1F103819}.Release|x64.Build.0 = Release|x64
		{EE440A1F-49E4-4C3D-9EEB-627F1F103819}.Release|x86.ActiveCfg = Release|Win32
		{EE440A1F-49E4-4C3D-9EEB-627F1F103819}.Release|x86.Build.0 = Release|Win32
		{3F787547-CFAC-481A-90C4-7260E43E3C0D}.Debug|x64.ActiveCfg = Debug|x64
		{3F787547-CFAC-481A-90C4-7260E43E3C0D}.Debug|x64.Build.0 = Debug|x64
		{3F787547-CFAC-481A-90C4-7260E43E3C0D}.Debug|x86.ActiveCfg = Debug|Win32
		{3F787547-CFAC-481A-90C4-7260E43E3C0D}.Debug|x86.Build.0 = Debug|Win32
		{3F787547-CFAC-481A-90C4-7260E43E3C0D}.Release|x64.ActiveCfg = Release|x64
		{3F787547-CFAC-481A-90C4-7260E43E3C0D}.Release|x64.Build.0 = Release|x64
		{3F787547-CFAC-481A-90C4-7260E43E3C0D}.Release|x86.ActiveCfg = Release|Win32
		{3F787547-CFAC-481A-90C4-7260E43E3C0D}.Release|x86.Build.0 = Release|Win32
		{5C9DE02B-D124-4B8D-99A5-D10DF2B9EE5D}.Debug|x64.ActiveCfg = Debug|x64
		{5C9DE02B-D124-4B8D-99A5-D10DF2B9EE5D}.Debug|x64.Build.0 = Debug|x64
		{5C9DE02B-D124-4B8D-99A5-D10DF2B9EE5D}.Debug|x86.ActiveCfg = Debug|Win32
		{5C9DE02B-D124-4B8D-99A5-D10DF2B9EE5D}.Debug|x86.Build.0 = Debug|Win32
		{5C9DE02B-D124-4B8D-99A5-D10DF2B9EE5D}.Release|x64.ActiveCfg = Release|x64
		{5C9DE02B-D124-4B8D-99A5-D10DF2B9EE5D}.Release|x64.Build.0 = Release|x64
		{5C9DE02B-D124-4B8D-99A5-D10DF2B9EE5D}.Release|x86.ActiveCfg = Release|Win32
		{5C9DE02B-D124-4B8D-99A5-D10DF2B9EE5D}.Release|x86.Build.0 = Release|Win32
		{BF6AFCE1-2063-44D0-834C-56B30260A24C}.Debug|x64.ActiveCfg = Debug|x64
		{BF6AFCE1-2063-44D0-834C-56B30260A24C}.Debug|x64.Build.0 = Debug|x64
		{BF6AFCE1-2063-44D0-834C-56B30260A24C}.Debug|x86.ActiveCfg = Debug|Win32
		{BF6AFCE1-2063-44D0-834C-56B30260A24C}.Debug|x86.Build.0 = Debug|Win32
		{BF6AFCE1-2063-44D0-834C-56B30260A24C}.Release|x64.ActiveCfg = Release|x64
		{BF6AFCE1-2063-44D0-834C-56B30260A24C}.Release|x64.Build.0 = Release|x64
		{BF6AFCE1-2063-44D0-834C-56B30260A24C}.Release|x86.ActiveCfg = Release|Win32
		{BF6AFCE1-2063-44D0-834C-56B30260A24C}.Release|x86.Build.0 = Release|Win32
		{BBA258B8-9B6B-4807-8AB2-619CE72E8506}.Debug|x64.ActiveCfg = Debug|x64
		{BBA258B8-9B6B-4807-8AB2-619CE72E8506}.Debug|x64.Build.0 = Debug|x64
		{BBA258B8-9B6B-4807-8AB2-619CE72E8506}.Debug|x86.ActiveCfg = Debug|Win32
		{BBA258B8-9B6B-4807-8AB2-619CE72E8506}.Debug|x86.Build.0 = Debug|Win32
		{BBA258B8-9B6B-4807-8AB2-619CE72E8506}.Release|x64.ActiveCfg = Release|x64
		{BBA258B8-9B6B-4807-8AB2-619CE72E8506}.Release|x64.Build.0 = Release|x64
		{BBA258B8-9B6B-4807-8AB2-619CE72E8506}.Release|x86.ActiveCfg = Release|Win32
		{BBA258B8-9B6B-4807-8AB2-619CE72E8506}.Release|x86.Build.0 = Release|Win32
		{11DC3E06-341F-40D1-8273-8F9BB257E939}.Debug|x64.ActiveCfg = Debug|x64
		{11DC3E06-341F-40D1-8273-8F9BB257E939}.Debug|x64.Build.0 = Debug|x64
		{11DC3E06-341F-40D1-8273-8F9BB257E939}.Debug|x86.ActiveCfg = Debug|Win32
		{11DC3E06-341F-40D1-8273-8F9BB257E939}.Debug|x86.Build.0 = Debug|Win32
		{11DC3E06-341F-40D1-8273-8F9BB257E939}.Release|x64.ActiveCfg = Release|x64
		{11DC3E06-341F-40D1-8273-8F9BB257E939}.Release|x64.Build.0 = Release|x64
		{11DC3E06-341F-40D1-8273-8F9BB257E939}.Release|x86.ActiveCfg = Release|Win32
		{11DC3E06-341F-40D1-8273-8F9BB257E939}.Release|x86.Build.0 = Release|Win32
		{8A6A1FF1-3038-48D7-9EE2-CF4463960F9B}.Debug|x64.ActiveCfg = Debug|x64
		{8A6A1FF1-3038-48D7-9EE2-CF4463960F9B}.Debug|x64.Build.0 = Debug|x64
		{8A6A1FF1-3038-48D7-9EE2-CF4463960F9B}.Debug|x86.ActiveCfg = Debug|Win32
		{8A6A1FF1-3038-48D7-9EE2-CF4463960F9B}.Debug|x86.Build.0 = Debug|Win32
		{8A6A1FF1-3038-48D7-9EE2-CF4463960F9B}.Release|x64.ActiveCfg = Release|x64
		{8A6A1FF1-3038-48D7-9EE2-CF4463960F9B}.Release|x64.Build.0 = Release|x64
		{8A6A1FF1-3038-48D7-9EE2-CF4463960F9B}.Release|x86.ActiveCfg = Release|Win32
		{8A6A1FF1-3038-48D7-9EE2-CF4463960F9B}.Release|x86.Build.0 = Release|Win32
		{6A60A54F-53CF-486D-A54B-B82E0A32E5A3}.Debug|x64.ActiveCfg = Debug|x64
		{6A60A54F-53CF-486D-A54B-B82E0A32E5A3}.Debug|x64.Build.0 = Debug|x64
		{6A60A54F-53CF-486D-A54B-B82E0A32E5A3}.Debug|x86.ActiveCfg = Debug|Win32
		{6A60A54F-53CF-486D-A54B-B82E0A32E5A3}.Debug|x86.Build.0 = Debug|Win32
		{6A60A54F-53CF-486D-A54B-B82E0A32E5A3}.Release|x64.ActiveCfg = Release|x64
		{6A60A54F-53CF-486D-A54B-B82E0A32E5A3}.Release|x64.Build.0 = Release|x64
		{6A60A54F-53CF-486D-A54B-B82E0A32E5A3}.Release|x86.ActiveCfg = Release|Win32
		{6A60A54F-53CF-486D-A54B-B82E0A32E5A3}.Release|x86.Build.0 = Release|Win32
	EndGlobalSection
	GlobalSection(SolutionProperties) = preSolution
		HideSolutionNode = FALSE
	EndGlobalSection
	GlobalSection(ExtensibilityGlobals) = postSolution
		SolutionGuid = {A0F5263A-5032-4CF8-8109-0D4A44D115D9}
	EndGlobalSection
EndGlobal
